{
  "projects": [
    {
      "projectId": "r3ASNrnyvLLLAtDvzUioQ",
      "version": "3.9.0",
      "dependencies": {},
      "lang": "ts",
      "fileLocks": [
        {
          "assetId": "r3ASNrnyvLLLAtDvzUioQ",
          "type": "projectCss",
          "checksum": "3b74860bfb464768b7c76a106ae0781d"
        }
      ],
      "codegenVersion": "0.0.1"
    },
    {
      "projectId": "sozjy886PYVRnZF8m3eey1",
      "version": "1.0.0",
      "dependencies": {
        "r3ASNrnyvLLLAtDvzUioQ": "3.9.0"
      },
      "lang": "ts",
      "fileLocks": [
        {
          "type": "globalVariant",
          "assetId": "ZAUDZCsf5pXbL",
          "checksum": "48303c7de51f524a03534fa256780dea"
        },
        {
          "assetId": "sozjy886PYVRnZF8m3eey1",
          "type": "projectCss",
          "checksum": "566aef402a79d3ae1ac69a0859f75eb8"
        },
        {
          "type": "renderModule",
          "assetId": "gPJORQ797Jy",
          "checksum": "2795bf0778736ac5b9caac783531522b"
        },
        {
          "type": "cssRules",
          "assetId": "gPJORQ797Jy",
          "checksum": "2795bf0778736ac5b9caac783531522b"
        },
        {
          "type": "icon",
          "assetId": "A9PhFlRuUtB",
          "checksum": "3424ddb5f7847dbf567de0e5d91431fa"
        },
        {
          "type": "icon",
          "assetId": "Kj1hesiKscC",
          "checksum": "65f7f3430a7a71e9708637ca2977dd2d"
        },
        {
          "type": "icon",
          "assetId": "HMehkH8o1mDr",
          "checksum": "a02df58b4f3eb39ef15af53010981137"
        },
        {
          "type": "icon",
          "assetId": "H0jzX_JzAJo",
          "checksum": "d7e305f6e1036dc41cf73344daee6073"
        },
        {
          "type": "icon",
          "assetId": "k7jgNQ4vcQA",
          "checksum": "dd384559454ffb3ce343e12fb2a3f5c3"
        },
        {
          "type": "icon",
          "assetId": "uAmKFk_icnX",
          "checksum": "9bdbe8c4e1d2c2e5787eec032eff12cb"
        },
        {
          "type": "icon",
          "assetId": "48M-u1GTTDr",
          "checksum": "0484665cba00d282609a2b15742b3bc6"
        },
        {
          "type": "icon",
          "assetId": "ZWS1-iW7zA2",
          "checksum": "652998f5d1a11dd868e4c930c404ebc5"
        },
        {
          "type": "icon",
          "assetId": "XW6dTChTbLL",
          "checksum": "2fb2f0fca8eda8a567f20928f9f0eb1d"
        },
        {
          "type": "icon",
          "assetId": "1Mn-q82zhm1",
          "checksum": "a95b3e6186de1181cd15cadf5d50d8df"
        },
        {
          "type": "icon",
          "assetId": "XB4GLi9GUSW",
          "checksum": "8661103a401479b1f9e04431716c8757"
        },
        {
          "type": "image",
          "assetId": "RXPVTSeq3",
          "checksum": "1a486200d03c494d5c10d63b7b6c0848"
        },
        {
          "type": "image",
          "assetId": "AaRQFaKgQ",
          "checksum": "d84517394148e4d2e62d420f5ad75861"
        },
        {
          "type": "image",
          "assetId": "Uy4H95WOB",
          "checksum": "cd737a91cc019c757b6b4f6cdfcc36e8"
        }
      ],
      "codegenVersion": "0.0.1"
    },
    {
      "projectId": "8VtBq1uAF8x37koERPKh2w",
      "version": "latest",
      "dependencies": {
        "sozjy886PYVRnZF8m3eey1": "1.0.0",
        "r3ASNrnyvLLLAtDvzUioQ": "3.9.0"
      },
      "lang": "ts",
      "fileLocks": [
        {
          "type": "globalVariant",
          "assetId": "tn4jIReF_DUeb",
          "checksum": "374135742eab4d3d6a761c52f16317e3"
        },
        {
          "assetId": "8VtBq1uAF8x37koERPKh2w",
          "type": "projectCss",
          "checksum": "e609698b296d11481e64bc14154bdf1b"
        },
        {
          "type": "renderModule",
          "assetId": "RDYbmJqvzmQb",
          "checksum": "5ae36b7ed7792237af4622eece066b2f"
        },
        {
          "type": "cssRules",
          "assetId": "RDYbmJqvzmQb",
          "checksum": "5ae36b7ed7792237af4622eece066b2f"
        },
        {
          "type": "icon",
          "assetId": "lGq1CWDSj4",
          "checksum": "b8e0983cb40e3efe949c693ee59bf09d"
        },
        {
          "type": "icon",
          "assetId": "AyUeSoELvE",
          "checksum": "6fc6d9b53408854d79a24a5e834473b1"
        },
        {
          "type": "icon",
          "assetId": "tyMNuMkyTD",
          "checksum": "74642448e08a4ef9f25690ce783f3111"
        },
        {
          "type": "icon",
          "assetId": "pH2ojdAmmU",
          "checksum": "7e50450340aff01093d7f1f02a2d04f3"
        },
        {
          "type": "icon",
          "assetId": "8yD5aigSGw",
          "checksum": "57c0e057cd46af5aee62a48cd8ab0607"
        },
        {
          "type": "icon",
          "assetId": "-lwF3RNRWI",
          "checksum": "4ca2711b95913e151da4e509cc2bf232"
        },
        {
          "type": "icon",
          "assetId": "kpbmItGvF6",
          "checksum": "060f948556b9dc4c2e8518e844c486ae"
        },
        {
          "type": "icon",
          "assetId": "9tFZDa03V2",
          "checksum": "ba5966fa00fa2f674657350b7f63a537"
        },
        {
          "type": "icon",
          "assetId": "3J3OT4ug-DY",
          "checksum": "9974b442a4f98a216e580a73c248ed6d"
        },
        {
          "type": "icon",
          "assetId": "2PrZo42jMMl",
          "checksum": "822cae15d866307319abda4965e31f86"
        },
        {
          "type": "icon",
          "assetId": "TQcB2TM5q7_",
          "checksum": "d482f242d63930b68fa6813dace798f3"
        },
        {
          "type": "icon",
          "assetId": "6FXBYqoXnbU",
          "checksum": "3fd2033946c6441d1d2b53eba687cce5"
        },
        {
          "type": "icon",
          "assetId": "M5_PaTKUUu7",
          "checksum": "0d7f3b79510fd062964646cdabec024c"
        },
        {
          "type": "icon",
          "assetId": "bzmkmkFBaR2",
          "checksum": "d03dfc7bfec02e18c051d8dfd359e53d"
        },
        {
          "type": "icon",
          "assetId": "7yjQTYlNxME",
          "checksum": "0d19fb29b0b64f64f85a6ed2501c9409"
        },
        {
          "type": "icon",
          "assetId": "NH_qxYngvDJ",
          "checksum": "4721956074640d4f2b56c9f303c44ad8"
        },
        {
          "type": "icon",
          "assetId": "GOuD0DMJbf3",
          "checksum": "78b4ed033231deb7ac944a5e60e5ee19"
        },
        {
          "type": "icon",
          "assetId": "Lz1T8LaMvKM",
          "checksum": "3325be50a2cd9620f9bfed8482b29ba3"
        },
        {
          "type": "icon",
          "assetId": "SSQwz-w53zw",
          "checksum": "7a5f263a72770db42ffd94fc02826055"
        },
        {
          "type": "icon",
          "assetId": "C5PFrTfgAAw",
          "checksum": "45f5d5442edd17d43d8a0c26e1b1b977"
        },
        {
          "type": "icon",
          "assetId": "9zPb68ePSn6",
          "checksum": "a781e63dbd5d24bcd774d9be9a85967f"
        },
        {
          "type": "icon",
          "assetId": "Ntok5B3qN9Y",
          "checksum": "2512b59586727b47adc5a7d8a8f3509c"
        },
        {
          "type": "icon",
          "assetId": "BDBwZNFe1ih",
          "checksum": "d0f96895a6f3ff2d8b7d4486da700f53"
        },
        {
          "type": "icon",
          "assetId": "88B045dlpF8",
          "checksum": "cd376e712b3607d15fdc2b52b021b827"
        },
        {
          "type": "icon",
          "assetId": "rnTvv3bz7_N",
          "checksum": "7b0aa8bdc1be8c7538f9484340dcf888"
        },
        {
          "type": "icon",
          "assetId": "_22dkRag3_p",
          "checksum": "34c30aaa32d6ba68f46d1b09ed9f2e9f"
        },
        {
          "type": "icon",
          "assetId": "u0C2jMOEa6o",
          "checksum": "f02bafc607e4ce6d3914917ac5c8d78d"
        },
        {
          "type": "icon",
          "assetId": "wcxFq_qIPAN",
          "checksum": "de2e69ed9c4f621eab84ea298d7398d0"
        },
        {
          "type": "icon",
          "assetId": "JF3nvsBAekr",
          "checksum": "26f185980e861788e598f8931fda6647"
        },
        {
          "type": "icon",
          "assetId": "3rG8XSKv5_b",
          "checksum": "0c170cc1bf9249b93a318557417e18f9"
        },
        {
          "type": "icon",
          "assetId": "TapFFpi1sad",
          "checksum": "604b4274448f69e3ca46f4b4838c3023"
        },
        {
          "type": "icon",
          "assetId": "P3qTdUuj0P7",
          "checksum": "aa82e03bf112d38790d7609cf6b3779a"
        },
        {
          "type": "icon",
          "assetId": "avwBPwniWxp",
          "checksum": "c28f895d4d4504e2d66a28ddb82fb7af"
        },
        {
          "type": "icon",
          "assetId": "7sZXP4xl8a0",
          "checksum": "e1d9306f7a175153ac8d8fca8ff81928"
        },
        {
          "type": "icon",
          "assetId": "QSkA1fC1m4o",
          "checksum": "903f1cdb857749bd655a8dfb908813d7"
        },
        {
          "type": "icon",
          "assetId": "-mgtbEPDiWF",
          "checksum": "2c0ca5f34600458e1226708daecc94fd"
        },
        {
          "type": "icon",
          "assetId": "iui9pMBR8VT",
          "checksum": "21209682f68964645e6f6404577dcccb"
        },
        {
          "type": "icon",
          "assetId": "V-pTa67TSMU",
          "checksum": "17bbb14f3da022dc47cceb961cc23bf1"
        },
        {
          "type": "icon",
          "assetId": "NvBFpyYGMah",
          "checksum": "322cb1a732d97f85614e452fcb325cd2"
        },
        {
          "type": "icon",
          "assetId": "g-g7Qtz1QNu",
          "checksum": "93e8b2a116402391d7066d633eca6cd0"
        },
        {
          "type": "icon",
          "assetId": "64-2cat47zE",
          "checksum": "3c97bff925c76179c4d909cc8939c0e2"
        },
        {
          "type": "icon",
          "assetId": "-F1LaiqSzzA",
          "checksum": "f0bb70101e888473968efe86847e04db"
        },
        {
          "type": "icon",
          "assetId": "mI6ehOi41II",
          "checksum": "88f68f382649346299245ba1415698db"
        },
        {
          "type": "icon",
          "assetId": "QxYwT38ljNT",
          "checksum": "72db73ae1b08478c62dc67d0ee8da0cc"
        },
        {
          "type": "icon",
          "assetId": "w-cUubIfTyx",
          "checksum": "c81746e1d3403b363960991dfbd971a8"
        },
        {
          "type": "icon",
          "assetId": "z9T1PAVufDI",
          "checksum": "1468aa4a3981f7c020ba08c4c1926fbf"
        },
        {
          "type": "icon",
          "assetId": "fUn5rzXiJQh",
          "checksum": "9b7fbc69c30ea5971c17373b6f75f434"
        },
        {
          "type": "icon",
          "assetId": "j5GA0guFJ_i",
          "checksum": "56475989eb2da4a26408e388f68f876b"
        },
        {
          "type": "icon",
          "assetId": "i2B05LZLpm4",
          "checksum": "1455bd0c993ae8f6b51502c456a65e41"
        },
        {
          "type": "icon",
          "assetId": "aVOTECCJf7V",
          "checksum": "cd4396acabe9928e533817095c8f4b37"
        },
        {
          "type": "icon",
          "assetId": "5aJB8WuhiD",
          "checksum": "4ca94a4a015d6e48e69ad2d109996f6f"
        },
        {
          "type": "icon",
          "assetId": "r5FHGxZ0oo",
          "checksum": "6d315dd4d18b2c9707f9ba0aae7b99e1"
        },
        {
          "type": "icon",
          "assetId": "uTt56DR_ra",
          "checksum": "7acd333fedebbd5ebb1b7a7c50504929"
        },
        {
          "type": "icon",
          "assetId": "uKbPY0EVOt",
          "checksum": "e5dfcc8243f78a37b43a6096418ed4c3"
        },
        {
          "type": "icon",
          "assetId": "6r9zhx3Giy",
          "checksum": "3f75f7c872bea99a573fb84514ad64a8"
        },
        {
          "type": "icon",
          "assetId": "u0BXy8YsrG",
          "checksum": "826295ab595421b3868b18e8ac10891d"
        },
        {
          "type": "icon",
          "assetId": "4y_6MA-b_u",
          "checksum": "1cba178636dabf2392e75429570de3c1"
        },
        {
          "type": "icon",
          "assetId": "B-b3N1P_HP",
          "checksum": "cc59acf5f0a953e625685ddfbc7ebec3"
        },
        {
          "type": "icon",
          "assetId": "mlnKJkngI2",
          "checksum": "b3c1fc9fd4c6a283db24d82cf732e682"
        },
        {
          "type": "icon",
          "assetId": "st97_MnwYc",
          "checksum": "198bdc52fc29648078b546023477617a"
        },
        {
          "type": "icon",
          "assetId": "KS4Wb90zaUt",
          "checksum": "bdc3717c55309adc0cda6b014dfd67b3"
        },
        {
          "type": "icon",
          "assetId": "OpWzGPDn1zR",
          "checksum": "ab4d14e5642024337dd2eef8bb499215"
        },
        {
          "type": "icon",
          "assetId": "qJc7bf0cejK",
          "checksum": "2388c138fd0fcbe5e04d9867d4465254"
        },
        {
          "type": "icon",
          "assetId": "cG8Q68sGfxq",
          "checksum": "19b2a080d2e36e44c228a848f3a38c92"
        },
        {
          "type": "icon",
          "assetId": "B13jL5scyLa",
          "checksum": "60355f755750e4c29dfe90fea23a8f2a"
        },
        {
          "type": "icon",
          "assetId": "ls1xsRcvdvN",
          "checksum": "24af7bf93f92318c0c987b7503774dbb"
        },
        {
          "type": "icon",
          "assetId": "cpOl3iVUzCT",
          "checksum": "220d3278cde813da26410389a11c5afd"
        },
        {
          "type": "icon",
          "assetId": "-NCbLxFaWZB",
          "checksum": "3bcacf25bbb60711692b754ffea7196a"
        },
        {
          "type": "icon",
          "assetId": "p613DT8aeEK",
          "checksum": "64b78b682e2e06d92c6990455d82505d"
        },
        {
          "type": "icon",
          "assetId": "0NgF9H9yYWn",
          "checksum": "2de5eb63f48ee8066952eee2f29ba082"
        },
        {
          "type": "icon",
          "assetId": "P2KL6pSoWvF",
          "checksum": "3fc26e531b904194c7dc1c71b3026186"
        },
        {
          "type": "icon",
          "assetId": "JGXqJB7UK1Q",
          "checksum": "4b8b73c2a89200868bca6f3ab72443b0"
        },
        {
          "type": "icon",
          "assetId": "nSR76F2tWFm",
          "checksum": "4a2f9e1f35330308dc634c22927e0c95"
        },
        {
          "type": "icon",
          "assetId": "BvnIEsFp0cF",
          "checksum": "65ea7017e15f1c352f2f7c0de3041f2b"
        },
        {
          "type": "icon",
          "assetId": "NCtuNB7U8uA",
          "checksum": "3204e18cc105927debe731c5cc14e824"
        },
        {
          "type": "icon",
          "assetId": "1SL7qv9o2_9",
          "checksum": "d66dd68fe24408dfd1faa259eb1ed626"
        },
        {
          "type": "icon",
          "assetId": "OB6XEtY-tN1",
          "checksum": "72383e3b0613aa0e86a0e826d2fb86ae"
        },
        {
          "type": "icon",
          "assetId": "PFnRew7wfLl",
          "checksum": "0aa7701c7b619292565aef4294f52a1e"
        },
        {
          "type": "icon",
          "assetId": "KyT4zLQEolO",
          "checksum": "776a987a6e14ece90fd3791b665d53cd"
        },
        {
          "type": "icon",
          "assetId": "IOUyx59tLxu",
          "checksum": "9a7d0ed512392c2e71a0ffdf81774700"
        },
        {
          "type": "icon",
          "assetId": "AtKLmSOHMgz",
          "checksum": "36a87a27df2135953763ce9c58b68ef2"
        },
        {
          "type": "icon",
          "assetId": "pPj_NI0-2pO",
          "checksum": "cef776f405c1d9492fe668b1bd89cb6f"
        },
        {
          "type": "icon",
          "assetId": "zAbr6GRmXne",
          "checksum": "23c4718e693367d7b7b1476690030e5e"
        },
        {
          "type": "icon",
          "assetId": "IB7reIX21rq",
          "checksum": "a5c31ee2800ea38e229e37aa42b4e66d"
        },
        {
          "type": "icon",
          "assetId": "KY7WuTqTq_F",
          "checksum": "2866fdd76851d1b998823e222c64ced4"
        },
        {
          "type": "icon",
          "assetId": "o_WfHUWTZRG",
          "checksum": "4c7379f71248dba714fd59619b5c94fd"
        },
        {
          "type": "icon",
          "assetId": "fvi4NSm6xaH",
          "checksum": "c77a1f7e400fbe24f2e3e8f8bc31e201"
        },
        {
          "type": "icon",
          "assetId": "3oiWF3NRDRt",
          "checksum": "0645321c2e8f7e6e2de9ab78e56439b7"
        },
        {
          "type": "icon",
          "assetId": "jIUE4ayLkHd",
          "checksum": "96284469c53a528ad8aa2f28e4f2aa3a"
        },
        {
          "type": "icon",
          "assetId": "0Yijk0KHuZa",
          "checksum": "4ae03967f019015588f0c944c99ab31b"
        },
        {
          "type": "icon",
          "assetId": "AJLlvBbfMT5",
          "checksum": "d86fee1eb4bc409e09d29ab2c7afc809"
        },
        {
          "type": "icon",
          "assetId": "m9MD2kwh2mK",
          "checksum": "a29531b2cd7fc12654bc9089908973b9"
        },
        {
          "type": "icon",
          "assetId": "TA2mKYzgknM",
          "checksum": "cc33fcdeea3f3f3f99acc741d1ada05a"
        },
        {
          "type": "icon",
          "assetId": "k0_RbggjI03",
          "checksum": "e0df09e3c34986cd0222bb98abbbbb55"
        },
        {
          "type": "icon",
          "assetId": "tAweiah3WJV",
          "checksum": "e09b845d91d6f4371699b09a1f105fda"
        },
        {
          "type": "icon",
          "assetId": "xTUamXOkx4j",
          "checksum": "b87632e8e610f17a5f6112d3d52bce9d"
        },
        {
          "type": "icon",
          "assetId": "IBOYwKl6INK",
          "checksum": "5bdd2b220215bc1e9df85dc6c5aa6c89"
        },
        {
          "type": "icon",
          "assetId": "sOWaOlj_syT",
          "checksum": "dc4cc118c6231ccdd8ec6bce34bb56ab"
        },
        {
          "type": "icon",
          "assetId": "nkQmvzPb-ud",
          "checksum": "497c57678307c49e16d4ed4770e1181a"
        },
        {
          "type": "icon",
          "assetId": "OyAmU6Mknyv",
          "checksum": "32c4eee450f500fb3b01bf8ceb1eb21b"
        },
        {
          "type": "icon",
          "assetId": "7JMkZ-EAzXh",
          "checksum": "0671222ad4ce3981ceef61dbbf025007"
        },
        {
          "type": "icon",
          "assetId": "YGkE-9kFa_M",
          "checksum": "28f49957a3668ea4eed5c6013e1d51b8"
        },
        {
          "type": "icon",
          "assetId": "tGfdNJhb10N",
          "checksum": "708ce58baf0fb027b407b0712911be2a"
        },
        {
          "type": "icon",
          "assetId": "vGrmz5-P2-4",
          "checksum": "cb17959b08c2ecdc34c362d93f1da44b"
        },
        {
          "type": "icon",
          "assetId": "BLtgUZRIi-V",
          "checksum": "c1f12f8eaab1aebb950057eb58f06cc0"
        },
        {
          "type": "icon",
          "assetId": "gwITIwfBS8_",
          "checksum": "630fa6fb1f82d01ed07af5cea19d1b09"
        },
        {
          "type": "icon",
          "assetId": "oab66UZx59s",
          "checksum": "9e235bc46abf95a134a44f04756dbdad"
        },
        {
          "type": "icon",
          "assetId": "0fWJOYCrJ_c",
          "checksum": "97f38e90aec22bf7b4bdfa96f5e5a6ff"
        },
        {
          "type": "icon",
          "assetId": "nWj8qRldTnw",
          "checksum": "4edad556bfd6b343e452b491903cbaee"
        },
        {
          "type": "icon",
          "assetId": "oIIdUilseRa",
          "checksum": "9f23975c3e3f81947613cde83c290365"
        },
        {
          "type": "icon",
          "assetId": "pscHbXGO1Yx",
          "checksum": "7f673446bf8c57c1fdffd8bf47fcc6fa"
        },
        {
          "type": "image",
          "assetId": "o9okP-al_",
          "checksum": "e1f1d50f9ef6be6b35a838716db49f7f"
        },
        {
          "type": "image",
          "assetId": "3jH9pOqZVi",
          "checksum": "339630c68accc200b3fd9d92f43a29e7"
        },
        {
          "type": "image",
          "assetId": "KIepJnC70K",
          "checksum": "43c8dd987ec7783a6b21cc2018c9d2e4"
        },
        {
          "type": "image",
          "assetId": "JWnsVte5Dv",
          "checksum": "a9185ca2e17fecc2629981cd38b16efd"
        },
        {
          "type": "image",
          "assetId": "QO07pqIaf4",
          "checksum": "5427add86da169c32a26e0c166868776"
        },
        {
          "type": "image",
          "assetId": "5yrDzDMZz6",
          "checksum": "976fb776f628338c95a9324b194a2a05"
        },
        {
          "type": "image",
          "assetId": "k3AfQrJXPe",
          "checksum": "c39e7babf6323ab186026a11cf26ed75"
        },
        {
          "type": "image",
          "assetId": "BpQBuPV9Kk",
          "checksum": "b869f00cefb2218d2fb416baab3351a1"
        },
        {
          "type": "image",
          "assetId": "lrewLS8377G",
          "checksum": "a19bcc67e9b7cecded2a1ef20acfbab0"
        },
        {
          "type": "image",
          "assetId": "OZR7s67oRiY",
          "checksum": "e54fde68b5f2e872bcafac740a6bd906"
        },
        {
          "type": "image",
          "assetId": "sX9kMzWbmcj",
          "checksum": "7cdad28eba0d0d979ff11eee50107a15"
        },
        {
          "type": "image",
          "assetId": "Fo9mfb4ZdNb",
          "checksum": "ea4eba6305d5d742f483bfd9fa033da2"
        },
        {
          "type": "image",
          "assetId": "hFKkM57A6cb",
          "checksum": "0edcda16ae2d8fa2bc26dbc151b4bed4"
        },
        {
          "type": "image",
          "assetId": "iExwdyXCoNz",
          "checksum": "33d623b89ca464cb4f248ffb4306c28f"
        },
        {
          "type": "image",
          "assetId": "8BW8MKZ8a10",
          "checksum": "130a7c6e4e5489699017202a9228901a"
        },
        {
          "type": "image",
          "assetId": "l9xP1oqWd48",
          "checksum": "1990024af5a2c2f457f897d9b776d6b6"
        },
        {
          "type": "image",
          "assetId": "fpRmrvyUo1d",
          "checksum": "c543e3130eb224d625026d4af38eed73"
        },
        {
          "type": "image",
          "assetId": "s0C7h43VP14",
          "checksum": "db31d4eed901471d6ac536535f98a6fa"
        },
        {
          "type": "image",
          "assetId": "eNl48zUEG81",
          "checksum": "51eeafd65705712854c9030a8133f4de"
        },
        {
          "type": "image",
          "assetId": "VCLxxFY-k5T",
          "checksum": "62ba4126d83fde5325f5bffd0b04a247"
        },
        {
          "type": "image",
          "assetId": "gq2AW-qmwar",
          "checksum": "055517518ccee1a67d3bdcac6bd09b4e"
        },
        {
          "type": "image",
          "assetId": "7NAiY96uWV6",
          "checksum": "9dd084e4d68f724e954cfec9df1915de"
        },
        {
          "type": "image",
          "assetId": "BCNUApEcpJb",
          "checksum": "3f38790d1b3caaf7316b40d29522c18b"
        },
        {
          "type": "image",
          "assetId": "cS71B886LwB",
          "checksum": "9676f11ef72eda23482a69ea1ec2ae14"
        },
        {
          "type": "image",
          "assetId": "v3y_osUTlct",
          "checksum": "60f99941786ca2b41219308cbc715047"
        },
        {
          "type": "image",
          "assetId": "tSe9pgGal19",
          "checksum": "c3958e6da19745f70b8a4dd3cc84a9e9"
        },
        {
          "type": "image",
          "assetId": "zDWPzvE_EuI",
          "checksum": "6bfb1f90a94c2cdc04f8801f74054207"
        },
        {
          "type": "image",
          "assetId": "W9QwYyC8gei",
          "checksum": "4998cacdbe642e2c4b45f9da72a27aef"
        },
        {
          "type": "image",
          "assetId": "cjX0EWr_daZ",
          "checksum": "0640565e8f07f61ae2a2925580f721d1"
        },
        {
          "type": "image",
          "assetId": "WPjcw2CUAzy",
          "checksum": "e13956052b9be93625f27267e11ddf48"
        },
        {
          "type": "image",
          "assetId": "O-E3CiYtkH2",
          "checksum": "beb97d87280d82273f41dd67f4977048"
        },
        {
          "type": "image",
          "assetId": "Lgej-VgakZv",
          "checksum": "7047b7faad0b03b3c3f14477430afa8c"
        },
        {
          "type": "image",
          "assetId": "e1fN-GxBp_u",
          "checksum": "e812752b217343d57a8b76f9b578d90f"
        },
        {
          "type": "image",
          "assetId": "MxCvvYLLpii",
          "checksum": "0e49cbc57553f1f1886af5a1add13602"
        },
        {
          "type": "image",
          "assetId": "0MlPtPzj6p4",
          "checksum": "8e92460aa0876e0da1bb5e0ac06f70df"
        },
        {
          "type": "image",
          "assetId": "5bXmdQlaTGq",
          "checksum": "fc0a075d3a3b892b3a04f9a2a04bc109"
        },
        {
          "type": "image",
          "assetId": "EFBGJ_L1MKg",
          "checksum": "0d832e8889097ba40e7dbe41b8ace598"
        },
        {
          "type": "image",
          "assetId": "ngctPAPJRRK",
          "checksum": "7ee5927d95c4b04cd34391b9745418e4"
        },
        {
          "type": "image",
          "assetId": "bkDCzM3MC",
          "checksum": "4805ea116fd414e1f14d9dae1b8e802f"
        },
        {
          "type": "image",
          "assetId": "r-qyRvTCl0",
          "checksum": "5df5d4db0e198b4e6e5c731fc87602ec"
        },
        {
          "type": "image",
          "assetId": "e09P5Z1ngY",
          "checksum": "0c0904eab60682914d067130c284a80f"
        },
        {
          "type": "image",
          "assetId": "FnG1bCGAKn",
          "checksum": "81b9b8809f1c972195d00792e8a4728b"
        },
        {
          "type": "image",
          "assetId": "wZj-h7AOST",
          "checksum": "162f759a5c26917c9d29757ed4deb508"
        },
        {
          "type": "image",
          "assetId": "xqIXgJXn4M",
          "checksum": "18a3bf61b65185fa7175dac81b7a262a"
        },
        {
          "type": "image",
          "assetId": "D_ekpqcfWT_",
          "checksum": "828197251f59b03364b31f60e0306175"
        },
        {
          "type": "image",
          "assetId": "-fKxVEi2GuM",
          "checksum": "e65dce6d947a007eadc6f322d8372d47"
        },
        {
          "type": "image",
          "assetId": "Q1Ck0y0o6hh",
          "checksum": "88e9d880408da00a5d7e80116a76a6b5"
        },
        {
          "type": "image",
          "assetId": "BP0C7vGOvJh",
          "checksum": "42c24b49eeb42d81caa58150703142d7"
        },
        {
          "type": "image",
          "assetId": "77YQpkXcalD",
          "checksum": "f564d4da633f2028c15ad64ffc0312f5"
        },
        {
          "type": "image",
          "assetId": "E4QyvBnZMlw",
          "checksum": "28027cab8b8c4d827b7faa886fd1f131"
        },
        {
          "type": "image",
          "assetId": "bYb-YxvShaQ",
          "checksum": "be48ba4b503bf318b1b71b277eb3a545"
        },
        {
          "type": "image",
          "assetId": "K_fy1pSDuzZ",
          "checksum": "e19a94d34630978292fd22309fd6c26a"
        },
        {
          "type": "image",
          "assetId": "bukITa2Kn1I",
          "checksum": "ab7cc9acaec6afdbce94600cc007faab"
        },
        {
          "type": "image",
          "assetId": "cVto4pCybcF",
          "checksum": "746b8a57d8b52a3a992a122fe816d4a3"
        },
        {
          "type": "image",
          "assetId": "TkPPvY2XJzb",
          "checksum": "bc18bfd2fb07dc4d08787ecdfb91b1fa"
        },
        {
          "type": "image",
          "assetId": "w9zZ1x4_Jhu",
          "checksum": "772e5ecf3f1ea1417fe784295f7cb709"
        },
        {
          "type": "image",
          "assetId": "TZ8QSJawIT-",
          "checksum": "7df5d7a76d4697473f58dfe42fa3ff05"
        },
        {
          "type": "image",
          "assetId": "nQQhJAdllRZ",
          "checksum": "33bb98928abe2d6ce6034fb2f81a5b41"
        },
        {
          "type": "image",
          "assetId": "X9K4zQ3ki6a",
          "checksum": "f1a6a2333e0286d0b47056e71620990c"
        },
        {
          "type": "image",
          "assetId": "bP79J2qlI7w",
          "checksum": "b711772a1272ae6ee9f7ed65076f99bb"
        },
        {
          "type": "image",
          "assetId": "DnL9w2mLtGH",
          "checksum": "6a4f6ce33b4e3a1830e69a2960e41961"
        },
        {
          "type": "image",
          "assetId": "3fp0b9IJc3G",
          "checksum": "d5fc0f4ae5b8f59029d6964a2d410ccd"
        },
        {
          "type": "image",
          "assetId": "PCr-_XGQy",
          "checksum": "16b4640079a966f435fbf52a06f2aa12"
        },
        {
          "type": "image",
          "assetId": "8x1lsbFsik",
          "checksum": "5facf6a082beda3183db73c8460a9170"
        },
        {
          "type": "image",
          "assetId": "OWjB55nLDv",
          "checksum": "c1b89e172a54c93d36c461f94ea315fb"
        },
        {
          "type": "image",
          "assetId": "taytX_2SFg",
          "checksum": "83ebb90181d7b75c9fdf5b7bf1d5ec45"
        },
        {
          "type": "image",
          "assetId": "AaJ9eSVBAM",
          "checksum": "759fb50c5933f24d42fb6e6fe3b9f4c1"
        },
        {
          "type": "image",
          "assetId": "jtHdlDLM52",
          "checksum": "f89f2e400f0b099965c20011c2040688"
        },
        {
          "type": "image",
          "assetId": "efDYCiX4RD",
          "checksum": "e394c50adf642311036bc0b32d8e8c6c"
        },
        {
          "type": "image",
          "assetId": "U9yttZKxKC",
          "checksum": "0d39a6784b9ae26000e3b840cc273eca"
        },
        {
          "type": "image",
          "assetId": "pdEpgdR8-D",
          "checksum": "6ca3d3e6b65f332f6402ac2076fa9da5"
        },
        {
          "type": "image",
          "assetId": "ZQ9ZsM6iFA",
          "checksum": "e82d21f60c988b25a9573d0d1a9d7c92"
        },
        {
          "type": "image",
          "assetId": "B6lU5dvSbg",
          "checksum": "11ce05cd785a797341228f161594d491"
        },
        {
          "type": "image",
          "assetId": "eyfEcKBd0O",
          "checksum": "a4a4fd77fc2ab4aa51e6758a43d04606"
        },
        {
          "type": "image",
          "assetId": "39kYqOfchp",
          "checksum": "566ae19234764ff62875af371ff8a557"
        },
        {
          "type": "image",
          "assetId": "6BglPHBe9f",
          "checksum": "0424a0058b87ddb00452f927080e1832"
        },
        {
          "type": "image",
          "assetId": "mIexz3ExVJ",
          "checksum": "56efeadf3608694f148e06d231ccdbf9"
        },
        {
          "type": "image",
          "assetId": "5GB9heZ4q1",
          "checksum": "068528e1e688494b0f61104178b0cc95"
        },
        {
          "type": "image",
          "assetId": "K2zlPKVefry",
          "checksum": "620ef5b7c1d9ff676b227138c1bd091c"
        },
        {
          "type": "image",
          "assetId": "-ydfqSoDNkY",
          "checksum": "e13b0a169521d9aad9a2acb298aff324"
        },
        {
          "type": "image",
          "assetId": "HarMl0w0i1V",
          "checksum": "67ae59340c7536cf98a1d58ff2e67f64"
        },
        {
          "type": "image",
          "assetId": "yKfQafe8M",
          "checksum": "45acec0e48038016f6c8935c1e710cde"
        },
        {
          "type": "image",
          "assetId": "BWOoTJTjjD",
          "checksum": "1ed846db68aca7cdcaa2933fd14d55a4"
        },
        {
          "type": "image",
          "assetId": "42vNDWWXwW",
          "checksum": "bcaedac0198f8eac0641b65dd4cd0f17"
        },
        {
          "type": "image",
          "assetId": "bDchWYCxa7",
          "checksum": "3bac2ecac95239db59bf3da48a05f099"
        },
        {
          "type": "image",
          "assetId": "GABEQxo3Mg",
          "checksum": "8efab0b132ef716206b6a7936f6b3171"
        },
        {
          "type": "image",
          "assetId": "DoIItPYIbC",
          "checksum": "62eba924bd195294b22ce05290bb3e5c"
        },
        {
          "type": "image",
          "assetId": "JS-4wik7D3",
          "checksum": "5981c8e5bdf3b270de16b9856d01dd9b"
        },
        {
          "type": "image",
          "assetId": "tsRKL_0nwC",
          "checksum": "eaf99e2edc3b837949cf9ffbd4013a15"
        },
        {
          "type": "image",
          "assetId": "uxwXwMLXuu",
          "checksum": "f0f560052d0268a64cc84a7299e41b73"
        },
        {
          "type": "image",
          "assetId": "WSprchEIZv",
          "checksum": "aa6c9a4c6d5adc60c39b0b3e753cd563"
        },
        {
          "type": "image",
          "assetId": "q2PDvjUE5f",
          "checksum": "1fdadeff40cf96350aaf59290db8898c"
        },
        {
          "type": "image",
          "assetId": "wBgf4lbNfs",
          "checksum": "1eaf0b29d7300294a6dba06f3196c551"
        },
        {
          "type": "image",
          "assetId": "r1_NU7xJMI",
          "checksum": "53403bd7c94deb1509cd8c68af1e4eae"
        },
        {
          "type": "image",
          "assetId": "-sv8veTupQ",
          "checksum": "c1be109ce7070f30c4c0ec0a26f8b2b7"
        },
        {
          "type": "image",
          "assetId": "xW_QEsWwEg",
          "checksum": "3075175932215a10d3c03d44e3f00bfe"
        },
        {
          "type": "image",
          "assetId": "0Kb6bEOpXn",
          "checksum": "ebf074485d221781e557994f05e18f2f"
        },
        {
          "type": "image",
          "assetId": "48kCYFgLeWG",
          "checksum": "07ceb5c7f69720bdb429a7a8a98593a0"
        }
      ],
      "codegenVersion": "0.0.1"
    }
  ],
  "cliVersion": "0.1.221"
}
